
Microsoft Visual Studio Solution File, Format Version 12.00
# Visual Studio Version 17
VisualStudioVersion = 17.5.2.0
MinimumVisualStudioVersion = 10.0.40219.1
Project("{FAE04EC0-301F-11D3-BF4B-00C04F79EFBC}") = "AgenticColleagueAgent", "AgenticColleagueAgent.csproj", "{036DE73A-2484-FA6D-3988-3D7DB76EB74E}"
EndProject
Project("{FAE04EC0-301F-11D3-BF4B-00C04F79EFBC}") = "AgenticColleague.Tests", "..\..\tests\AgenticColleague.Tests\AgenticColleague.Tests.csproj", "{F37D6205-C972-4682-AA25-685C9775BD58}"
EndProject
Global
	GlobalSection(SolutionConfigurationPlatforms) = preSolution
		Debug|Any CPU = Debug|Any CPU
		Debug|x64 = Debug|x64
		Debug|x86 = Debug|x86
		Release|Any CPU = Release|Any CPU
		Release|x64 = Release|x64
		Release|x86 = Release|x86
	EndGlobalSection
	GlobalSection(ProjectConfigurationPlatforms) = postSolution
		{036DE73A-2484-FA6D-3988-3D7DB76EB74E}.Debug|Any CPU.ActiveCfg = Debug|Any CPU
		{036DE73A-2484-FA6D-3988-3D7DB76EB74E}.Debug|Any CPU.Build.0 = Debug|Any CPU
		{036DE73A-2484-FA6D-3988-3D7DB76EB74E}.Debug|x64.ActiveCfg = Debug|Any CPU
		{036DE73A-2484-FA6D-3988-3D7DB76EB74E}.Debug|x64.Build.0 = Debug|Any CPU
		{036DE73A-2484-FA6D-3988-3D7DB76EB74E}.Debug|x86.ActiveCfg = Debug|Any CPU
		{036DE73A-2484-FA6D-3988-3D7DB76EB74E}.Debug|x86.Build.0 = Debug|Any CPU
		{036DE73A-2484-FA6D-3988-3D7DB76EB74E}.Release|Any CPU.ActiveCfg = Release|Any CPU
		{036DE73A-2484-FA6D-3988-3D7DB76EB74E}.Release|Any CPU.Build.0 = Release|Any CPU
		{036DE73A-2484-FA6D-3988-3D7DB76EB74E}.Release|x64.ActiveCfg = Release|Any CPU
		{036DE73A-2484-FA6D-3988-3D7DB76EB74E}.Release|x64.Build.0 = Release|Any CPU
		{036DE73A-2484-FA6D-3988-3D7DB76EB74E}.Release|x86.ActiveCfg = Release|Any CPU
		{036DE73A-2484-FA6D-3988-3D7DB76EB74E}.Release|x86.Build.0 = Release|Any CPU
		{F37D6205-C972-4682-AA25-685C9775BD58}.Debug|Any CPU.ActiveCfg = Debug|Any CPU
		{F37D6205-C972-4682-AA25-685C9775BD58}.Debug|Any CPU.Build.0 = Debug|Any CPU
		{F37D6205-C972-4682-AA25-685C9775BD58}.Debug|x64.ActiveCfg = Debug|Any CPU
		{F37D6205-C972-4682-AA25-685C9775BD58}.Debug|x64.Build.0 = Debug|Any CPU
		{F37D6205-C972-4682-AA25-685C9775BD58}.Debug|x86.ActiveCfg = Debug|Any CPU
		{F37D6205-C972-4682-AA25-685C9775BD58}.Debug|x86.Build.0 = Debug|Any CPU
		{F37D6205-C972-4682-AA25-685C9775BD58}.Release|Any CPU.ActiveCfg = Release|Any CPU
		{F37D6205-C972-4682-AA25-685C9775BD58}.Release|Any CPU.Build.0 = Release|Any CPU
		{F37D6205-C972-4682-AA25-685C9775BD58}.Release|x64.ActiveCfg = Release|Any CPU
		{F37D6205-C972-4682-AA25-685C9775BD58}.Release|x64.Build.0 = Release|Any CPU
		{F37D6205-C972-4682-AA25-685C9775BD58}.Release|x86.ActiveCfg = Release|Any CPU
		{F37D6205-C972-4682-AA25-685C9775BD58}.Release|x86.Build.0 = Release|Any CPU
	EndGlobalSection
	GlobalSection(SolutionProperties) = preSolution
		HideSolutionNode = FALSE
	EndGlobalSection
	GlobalSection(ExtensibilityGlobals) = postSolution
		SolutionGuid = {A62A6059-F7FB-4D65-A242-68CC4925C04A}
	EndGlobalSection
EndGlobal
